<?xml version="1.0" encoding="utf-8"?>
<Project ToolsVersion="4.0" xmlns="http://schemas.microsoft.com/developer/msbuild/2003">
  <ItemGroup>
    <Filter Include="Source Files">
      <UniqueIdentifier>{4FC737F1-C7A5-4376-A066-2A32D752A2FF}</UniqueIdentifier>
      <Extensions>cpp;c;cc;cxx;c++;cppm;ixx;def;odl;idl;hpj;bat;asm;asmx</Extensions>
    </Filter>
    <Filter Include="Header Files">
      <UniqueIdentifier>{93995380-89BD-4b04-88EB-625FBE52EBFB}</UniqueIdentifier>
      <Extensions>h;hh;hpp;hxx;h++;hm;inl;inc;ipp;xsd</Extensions>
    </Filter>
    <Filter Include="Resource Files">
      <UniqueIdentifier>{67DA6AB6-F800-4c08-8B7A-83BB121AAD01}</UniqueIdentifier>
      <Extensions>rc;ico;cur;bmp;dlg;rc2;rct;bin;rgs;gif;jpg;jpeg;jpe;resx;tiff;tif;png;wav;mfcribbon-ms</Extensions>
    </Filter>
    <Filter Include="Header Files\scripts">
      <UniqueIdentifier>{ae407631-ead0-46b5-86ae-554f2f8b33e1}</UniqueIdentifier>
    </Filter>
    <Filter Include="Source Files\scripts">
      <UniqueIdentifier>{0dc15951-691d-4f8e-9da7-15acd53ffd6b}</UniqueIdentifier>
    </Filter>
    <Filter Include="Source Files\listeners">
      <UniqueIdentifier>{1b54c347-cd59-4913-ab8e-699a775dd70b}</UniqueIdentifier>
    </Filter>
    <Filter Include="Header Files\listeners">
      <UniqueIdentifier>{525cfa17-ca8c-48c7-9473-876d036c2661}</UniqueIdentifier>
    </Filter>
    <Filter Include="Header Files\objects">
      <UniqueIdentifier>{436a4bed-7e7f-44af-b9cc-556a341301cb}</UniqueIdentifier>
    </Filter>
    <Filter Include="Source Files\scenes">
      <UniqueIdentifier>{46546cea-c636-4ebc-8e3f-a5647b1e9ac1}</UniqueIdentifier>
    </Filter>
    <Filter Include="Header Files\scenes">
      <UniqueIdentifier>{eedb5559-7804-4684-845a-2a60395500ca}</UniqueIdentifier>
    </Filter>
    <Filter Include="Source Files\objects">
      <UniqueIdentifier>{6867dea8-c953-4a45-ab9f-786eb1d26ecd}</UniqueIdentifier>
    </Filter>
  </ItemGroup>
  <ItemGroup>
    <ClCompile Include="CollisionDetectionScript.cpp">
      <Filter>Source Files\scripts</Filter>
    </ClCompile>
    <ClCompile Include="KeyListener.cpp">
      <Filter>Source Files\listeners</Filter>
    </ClCompile>
    <ClCompile Include="MouseMoveListener.cpp">
      <Filter>Source Files\listeners</Filter>
    </ClCompile>
    <ClCompile Include="AimListener.cpp">
      <Filter>Source Files\listeners</Filter>
    </ClCompile>
    <ClCompile Include="CameraMovementScript.cpp">
      <Filter>Source Files\scripts</Filter>
    </ClCompile>
    <ClCompile Include="MenuScene.cpp">
      <Filter>Source Files\scenes</Filter>
    </ClCompile>
    <ClCompile Include="GameScene.cpp">
      <Filter>Source Files\scenes</Filter>
    </ClCompile>
    <ClCompile Include="Source.cpp">
      <Filter>Header Files</Filter>
    </ClCompile>
    <ClCompile Include="Rocket.cpp">
      <Filter>Source Files\objects</Filter>
    </ClCompile>
    <ClCompile Include="Game.cpp">
      <Filter>Source Files</Filter>
    </ClCompile>
    <ClCompile Include="FlockingSystem.cpp">
      <Filter>Source Files\scenes</Filter>
    </ClCompile>
  </ItemGroup>
  <ItemGroup>
    <ClInclude Include="CollisionDetectionScript.h">
      <Filter>Header Files\scripts</Filter>
    </ClInclude>
    <ClInclude Include="KeyListener.h">
      <Filter>Header Files\listeners</Filter>
    </ClInclude>
    <ClInclude Include="FollowMouseListener.h">
      <Filter>Header Files\listeners</Filter>
    </ClInclude>
    <ClInclude Include="Box.h">
      <Filter>Header Files\objects</Filter>
    </ClInclude>
    <ClInclude Include="CameraMovementScript.h">
      <Filter>Header Files\scripts</Filter>
    </ClInclude>
    <ClInclude Include="MenuScene.h">
      <Filter>Header Files\scenes</Filter>
    </ClInclude>
    <ClInclude Include="GameScene.h">
      <Filter>Header Files\scenes</Filter>
    </ClInclude>
    <ClInclude Include="AimListener.h">
      <Filter>Header Files\listeners</Filter>
    </ClInclude>
    <ClInclude Include="Rocket.h">
      <Filter>Header Files\objects</Filter>
    </ClInclude>
    <ClInclude Include="FlockingScene.h">
      <Filter>Header Files\scenes</Filter>
    </ClInclude>
  </ItemGroup>
</Project>