<?xml version="1.0" encoding="utf-8"?>
<Project ToolsVersion="4.0" xmlns="http://schemas.microsoft.com/developer/msbuild/2003">
  <ItemGroup>
    <Filter Include="Source Files">
      <UniqueIdentifier>{4FC737F1-C7A5-4376-A066-2A32D752A2FF}</UniqueIdentifier>
      <Extensions>cpp;c;cc;cxx;c++;cppm;ixx;def;odl;idl;hpj;bat;asm;asmx</Extensions>
    </Filter>
    <Filter Include="Header Files">
      <UniqueIdentifier>{93995380-89BD-4b04-88EB-625FBE52EBFB}</UniqueIdentifier>
      <Extensions>h;hh;hpp;hxx;h++;hm;inl;inc;ipp;xsd</Extensions>
    </Filter>
    <Filter Include="Resource Files">
      <UniqueIdentifier>{67DA6AB6-F800-4c08-8B7A-83BB121AAD01}</UniqueIdentifier>
      <Extensions>rc;ico;cur;bmp;dlg;rc2;rct;bin;rgs;gif;jpg;jpeg;jpe;resx;tiff;tif;png;wav;mfcribbon-ms</Extensions>
    </Filter>
    <Filter Include="Source Files\scripts">
      <UniqueIdentifier>{0dc15951-691d-4f8e-9da7-15acd53ffd6b}</UniqueIdentifier>
    </Filter>
    <Filter Include="Source Files\listeners">
      <UniqueIdentifier>{1b54c347-cd59-4913-ab8e-699a775dd70b}</UniqueIdentifier>
    </Filter>
    <Filter Include="Header Files\listeners">
      <UniqueIdentifier>{525cfa17-ca8c-48c7-9473-876d036c2661}</UniqueIdentifier>
    </Filter>
    <Filter Include="Header Files\objects">
      <UniqueIdentifier>{436a4bed-7e7f-44af-b9cc-556a341301cb}</UniqueIdentifier>
    </Filter>
    <Filter Include="Source Files\scenes">
      <UniqueIdentifier>{46546cea-c636-4ebc-8e3f-a5647b1e9ac1}</UniqueIdentifier>
    </Filter>
    <Filter Include="Header Files\scenes">
      <UniqueIdentifier>{eedb5559-7804-4684-845a-2a60395500ca}</UniqueIdentifier>
    </Filter>
    <Filter Include="Source Files\objects">
      <UniqueIdentifier>{6867dea8-c953-4a45-ab9f-786eb1d26ecd}</UniqueIdentifier>
    </Filter>
    <Filter Include="Header Files\scripts">
      <UniqueIdentifier>{ae407631-ead0-46b5-86ae-554f2f8b33e1}</UniqueIdentifier>
    </Filter>
    <Filter Include="Header Files\scenes\rocket game">
      <UniqueIdentifier>{2a72a701-7e33-47e5-828c-303298795db0}</UniqueIdentifier>
    </Filter>
    <Filter Include="Source Files\scenes\Rocket game">
      <UniqueIdentifier>{44eacc49-2b9f-421c-9395-ee64340b89f8}</UniqueIdentifier>
    </Filter>
    <Filter Include="Source Files\scripts\Rocket game">
      <UniqueIdentifier>{bbfb6ff0-626a-4493-b657-6596e0db45d5}</UniqueIdentifier>
    </Filter>
    <Filter Include="Source Files\scripts\Rocket game\game_status">
      <UniqueIdentifier>{dcce1192-4d17-4a27-bb42-de15b00a44d1}</UniqueIdentifier>
    </Filter>
    <Filter Include="Source Files\scripts\Rocket game\shooter">
      <UniqueIdentifier>{410e76e9-62ad-4254-bd43-db6768ee72f4}</UniqueIdentifier>
    </Filter>
    <Filter Include="Source Files\scripts\Rocket game\target">
      <UniqueIdentifier>{265799e7-f22a-4c7d-80b9-9616dab7ceb7}</UniqueIdentifier>
    </Filter>
    <Filter Include="Source Files\scripts\Rocket game\match_making">
      <UniqueIdentifier>{b8cbd115-2076-4d5f-b1a4-910733816d3a}</UniqueIdentifier>
    </Filter>
    <Filter Include="Header Files\scripts\Rocket game">
      <UniqueIdentifier>{404f3690-9376-41af-abdf-421d6b46ba6e}</UniqueIdentifier>
    </Filter>
    <Filter Include="Header Files\scripts\Rocket game\game_status">
      <UniqueIdentifier>{2a0b2406-5b76-4e1d-8a39-89e76673cc8b}</UniqueIdentifier>
    </Filter>
    <Filter Include="Header Files\scripts\Rocket game\match_making">
      <UniqueIdentifier>{ab6773b6-8bee-4bbf-9892-7941082bb104}</UniqueIdentifier>
    </Filter>
    <Filter Include="Header Files\scripts\Rocket game\shooter">
      <UniqueIdentifier>{84cff0b3-c0b8-4950-b101-d3150aa771e8}</UniqueIdentifier>
    </Filter>
    <Filter Include="Header Files\scripts\Rocket game\target">
      <UniqueIdentifier>{f5bc1b3f-1350-41ea-9a04-7ab73a9e93ad}</UniqueIdentifier>
    </Filter>
    <Filter Include="Header Files\scripts\General">
      <UniqueIdentifier>{1572a614-1a70-4e8e-a9c0-f8498a30418e}</UniqueIdentifier>
    </Filter>
    <Filter Include="Header Files\scripts\Jenga game">
      <UniqueIdentifier>{7f7a8b68-93c5-4b43-8499-cdbe9c886c0c}</UniqueIdentifier>
    </Filter>
    <Filter Include="Header Files\scripts\Flocking demo">
      <UniqueIdentifier>{7e45ffe5-32be-41e7-a6d9-e1e1d5cf59f7}</UniqueIdentifier>
    </Filter>
    <Filter Include="Source Files\scripts\General">
      <UniqueIdentifier>{d18dc32d-a61e-4070-8057-27cdb015d2ed}</UniqueIdentifier>
    </Filter>
    <Filter Include="Source Files\scripts\Jenga game">
      <UniqueIdentifier>{425f72d1-9a9d-44e8-bf18-1d8481297dc4}</UniqueIdentifier>
    </Filter>
    <Filter Include="Source Files\scripts\Flocking demo">
      <UniqueIdentifier>{2fd32e64-9e80-4b19-8b5e-d1922e1f6a8e}</UniqueIdentifier>
    </Filter>
    <Filter Include="Header Files\objects\Rocket game">
      <UniqueIdentifier>{5172ea00-b0cf-4503-bfe5-687e77c6caa7}</UniqueIdentifier>
    </Filter>
    <Filter Include="Header Files\objects\Jenga game">
      <UniqueIdentifier>{cf3fb5af-1711-430f-857f-7d2536aa01e2}</UniqueIdentifier>
    </Filter>
    <Filter Include="Header Files\objects\Flocking demo">
      <UniqueIdentifier>{2ca96fc0-3b96-478e-ad30-50747e790907}</UniqueIdentifier>
    </Filter>
    <Filter Include="Source Files\objects\Rocket game">
      <UniqueIdentifier>{88e35a29-d5f8-4018-a076-64fa632bc1eb}</UniqueIdentifier>
    </Filter>
    <Filter Include="Source Files\objects\Jenga game">
      <UniqueIdentifier>{c4745750-fff4-4517-87e9-6713b31ec026}</UniqueIdentifier>
    </Filter>
    <Filter Include="Source Files\objects\Flocking demo">
      <UniqueIdentifier>{236fc10d-def9-4de0-b356-f32a8a44cb71}</UniqueIdentifier>
    </Filter>
    <Filter Include="Source Files\listeners\Rocket game">
      <UniqueIdentifier>{f38a5327-4746-4250-9974-f602b85fa03d}</UniqueIdentifier>
    </Filter>
    <Filter Include="Source Files\listeners\Flocking demo">
      <UniqueIdentifier>{81d4588b-a2c4-4c03-af10-77d3ba9b4fc4}</UniqueIdentifier>
    </Filter>
    <Filter Include="Header Files\listeners\Rocket game">
      <UniqueIdentifier>{5b609baa-930f-486b-84b4-490a30d42745}</UniqueIdentifier>
    </Filter>
    <Filter Include="Header Files\listeners\Flocking demo">
      <UniqueIdentifier>{b4de98e8-702f-4f6f-aee3-e103f0a65c5d}</UniqueIdentifier>
    </Filter>
  </ItemGroup>
  <ItemGroup>
    <ClCompile Include="KeyListener.cpp">
      <Filter>Source Files\listeners</Filter>
    </ClCompile>
    <ClCompile Include="MenuScene.cpp">
      <Filter>Source Files\scenes</Filter>
    </ClCompile>
    <ClCompile Include="GameScene.cpp">
      <Filter>Source Files\scenes</Filter>
    </ClCompile>
    <ClCompile Include="Game.cpp">
      <Filter>Source Files</Filter>
    </ClCompile>
    <ClCompile Include="CreditsScene.cpp">
      <Filter>Source Files\scenes</Filter>
    </ClCompile>
    <ClCompile Include="CreditsSceneScript.cpp">
      <Filter>Source Files\scripts</Filter>
    </ClCompile>
    <ClCompile Include="SettingsScene.cpp">
      <Filter>Source Files\scenes</Filter>
    </ClCompile>
    <ClCompile Include="CircleObstacle.cpp">
      <Filter>Source Files\objects</Filter>
    </ClCompile>
    <ClCompile Include="NetworkScene.cpp">
      <Filter>Source Files\scenes\Rocket game</Filter>
    </ClCompile>
    <ClCompile Include="WinScene.cpp">
      <Filter>Source Files\scenes\Rocket game</Filter>
    </ClCompile>
    <ClCompile Include="LoseScene.cpp">
      <Filter>Source Files\scenes\Rocket game</Filter>
    </ClCompile>
    <ClCompile Include="GameStatusSendScript.cpp">
      <Filter>Source Files\scripts\Rocket game\game_status</Filter>
    </ClCompile>
    <ClCompile Include="ShooterReceiveScript.cpp">
      <Filter>Source Files\scripts\Rocket game\shooter</Filter>
    </ClCompile>
    <ClCompile Include="ShooterSendScript.cpp">
      <Filter>Source Files\scripts\Rocket game\shooter</Filter>
    </ClCompile>
    <ClCompile Include="TargetReceiveScript.cpp">
      <Filter>Source Files\scripts\Rocket game\target</Filter>
    </ClCompile>
    <ClCompile Include="TargetSendScript.cpp">
      <Filter>Source Files\scripts\Rocket game\target</Filter>
    </ClCompile>
    <ClCompile Include="RocketReceiveScript.cpp">
      <Filter>Source Files\scripts\Rocket game\shooter</Filter>
    </ClCompile>
    <ClCompile Include="RocketSendScript.cpp">
      <Filter>Source Files\scripts\Rocket game\shooter</Filter>
    </ClCompile>
    <ClCompile Include="SyncScript.cpp">
      <Filter>Source Files\scripts\Rocket game\match_making</Filter>
    </ClCompile>
    <ClCompile Include="GameStatusReceiveScript.cpp">
      <Filter>Source Files\scripts\Rocket game\game_status</Filter>
    </ClCompile>
    <ClCompile Include="SteeringScene.cpp">
      <Filter>Source Files\scenes</Filter>
    </ClCompile>
    <ClCompile Include="NetAimListener.cpp">
      <Filter>Source Files\listeners\Rocket game</Filter>
    </ClCompile>
    <ClCompile Include="NetFollowMouseListener.cpp">
      <Filter>Source Files\listeners\Rocket game</Filter>
    </ClCompile>
    <ClCompile Include="SeekingRocket.cpp">
      <Filter>Source Files\objects\Rocket game</Filter>
    </ClCompile>
    <ClCompile Include="Rocket.cpp">
      <Filter>Source Files\objects\Rocket game</Filter>
    </ClCompile>
    <ClCompile Include="Shooter.cpp">
      <Filter>Source Files\objects\Rocket game</Filter>
    </ClCompile>
    <ClCompile Include="Target.cpp">
      <Filter>Source Files\objects\Rocket game</Filter>
    </ClCompile>
    <ClCompile Include="NetCollisionDetectionScript.cpp">
      <Filter>Source Files\scripts\Rocket game\shooter</Filter>
    </ClCompile>
    <ClCompile Include="BackScript.cpp">
      <Filter>Source Files\scripts\General</Filter>
    </ClCompile>
    <ClCompile Include="CameraMovementScript.cpp">
      <Filter>Source Files\scripts\General</Filter>
    </ClCompile>
    <ClCompile Include="PlayerMovementScript.cpp">
      <Filter>Source Files\scripts\General</Filter>
    </ClCompile>
    <ClCompile Include="BoxSpawnerScript.cpp">
      <Filter>Source Files\scripts\Jenga game</Filter>
    </ClCompile>
    <ClCompile Include="TimerScript.cpp">
      <Filter>Source Files\scripts\Jenga game</Filter>
    </ClCompile>
    <ClCompile Include="CollisionDetectionScript.cpp">
      <Filter>Source Files\scripts\Flocking demo</Filter>
    </ClCompile>
    <ClCompile Include="BoxNotPersistable.cpp">
      <Filter>Source Files\objects\Jenga game</Filter>
    </ClCompile>
    <ClCompile Include="BoxPersistable.cpp">
      <Filter>Source Files\objects\Jenga game</Filter>
    </ClCompile>
    <ClCompile Include="Ball.cpp">
      <Filter>Source Files\objects\Jenga game</Filter>
    </ClCompile>
    <ClCompile Include="SteeringRocket.cpp">
      <Filter>Source Files\objects\Flocking demo</Filter>
    </ClCompile>
    <ClCompile Include="FollowMouseListener.cpp">
      <Filter>Source Files\listeners\Flocking demo</Filter>
    </ClCompile>
    <ClCompile Include="AimListener.cpp">
      <Filter>Source Files\listeners\Flocking demo</Filter>
    </ClCompile>
  </ItemGroup>
  <ItemGroup>
    <ClInclude Include="KeyListener.h">
      <Filter>Header Files\listeners</Filter>
    </ClInclude>
    <ClInclude Include="MenuScene.h">
      <Filter>Header Files\scenes</Filter>
    </ClInclude>
    <ClInclude Include="GameScene.h">
      <Filter>Header Files\scenes</Filter>
    </ClInclude>
    <ClInclude Include="CreditsScene.h">
      <Filter>Header Files\scenes</Filter>
    </ClInclude>
    <ClInclude Include="CreditsSceneScript.h">
      <Filter>Header Files\scripts</Filter>
    </ClInclude>
    <ClInclude Include="SettingsScene.h">
      <Filter>Header Files\scenes</Filter>
    </ClInclude>
    <ClInclude Include="CircleObstacle.h">
      <Filter>Header Files\objects</Filter>
    </ClInclude>
    <ClInclude Include="NetworkScene.h">
      <Filter>Header Files\scenes\rocket game</Filter>
    </ClInclude>
    <ClInclude Include="WinScene.h">
      <Filter>Header Files\scenes\rocket game</Filter>
    </ClInclude>
    <ClInclude Include="LoseScene.h">
      <Filter>Header Files\scenes\rocket game</Filter>
    </ClInclude>
    <ClInclude Include="GameStatusSendScript.h">
      <Filter>Header Files\scripts\Rocket game\game_status</Filter>
    </ClInclude>
    <ClInclude Include="SyncScript.h">
      <Filter>Header Files\scripts\Rocket game\match_making</Filter>
    </ClInclude>
    <ClInclude Include="GameStatusReceiveScript.h">
      <Filter>Header Files\scripts\Rocket game\game_status</Filter>
    </ClInclude>
    <ClInclude Include="ShooterReceiveScript.h">
      <Filter>Header Files\scripts\Rocket game\shooter</Filter>
    </ClInclude>
    <ClInclude Include="RocketReceiveScript.h">
      <Filter>Header Files\scripts\Rocket game\shooter</Filter>
    </ClInclude>
    <ClInclude Include="RocketSendScript.h">
      <Filter>Header Files\scripts\Rocket game\shooter</Filter>
    </ClInclude>
    <ClInclude Include="ShooterSendScript.h">
      <Filter>Header Files\scripts\Rocket game\shooter</Filter>
    </ClInclude>
    <ClInclude Include="TargetReceiveScript.h">
      <Filter>Header Files\scripts\Rocket game\target</Filter>
    </ClInclude>
    <ClInclude Include="TargetSendScript.h">
      <Filter>Header Files\scripts\Rocket game\target</Filter>
    </ClInclude>
    <ClInclude Include="SteeringScene.h">
      <Filter>Header Files\scenes</Filter>
    </ClInclude>
    <ClInclude Include="NetAimListener.h">
      <Filter>Header Files\listeners\Rocket game</Filter>
    </ClInclude>
    <ClInclude Include="NetFollowMouseListener.h">
      <Filter>Header Files\listeners\Rocket game</Filter>
    </ClInclude>
    <ClInclude Include="Rocket.h">
      <Filter>Header Files\objects\Rocket game</Filter>
    </ClInclude>
    <ClInclude Include="SeekingRocket.h">
      <Filter>Header Files\objects\Rocket game</Filter>
    </ClInclude>
    <ClInclude Include="Shooter.h">
      <Filter>Header Files\objects\Rocket game</Filter>
    </ClInclude>
    <ClInclude Include="Target.h">
      <Filter>Header Files\objects\Rocket game</Filter>
    </ClInclude>
    <ClInclude Include="NetCollisionDetectionScript.h">
      <Filter>Header Files\scripts\Rocket game\shooter</Filter>
    </ClInclude>
    <ClInclude Include="BackScript.h">
      <Filter>Header Files\scripts\General</Filter>
    </ClInclude>
    <ClInclude Include="CameraMovementScript.h">
      <Filter>Header Files\scripts\General</Filter>
    </ClInclude>
    <ClInclude Include="PlayerMovementScript.h">
      <Filter>Header Files\scripts\General</Filter>
    </ClInclude>
    <ClInclude Include="BoxSpawnerScript.h">
      <Filter>Header Files\scripts\Jenga game</Filter>
    </ClInclude>
    <ClInclude Include="CollisionDetectionScript.h">
      <Filter>Header Files\scripts\Flocking demo</Filter>
    </ClInclude>
    <ClInclude Include="BoxNotPersistable.h">
      <Filter>Header Files\objects\Jenga game</Filter>
    </ClInclude>
    <ClInclude Include="BoxPersistable.h">
      <Filter>Header Files\objects\Jenga game</Filter>
    </ClInclude>
    <ClInclude Include="Ball.h">
      <Filter>Header Files\objects\Jenga game</Filter>
    </ClInclude>
    <ClInclude Include="SteeringRocket.h">
      <Filter>Header Files\objects\Flocking demo</Filter>
    </ClInclude>
    <ClInclude Include="FollowMouseListener.h">
      <Filter>Header Files\listeners\Flocking demo</Filter>
    </ClInclude>
    <ClInclude Include="AimListener.h">
      <Filter>Header Files\listeners\Flocking demo</Filter>
    </ClInclude>
    <ClInclude Include="TimerScript.h">
      <Filter>Header Files\scripts\Jenga game</Filter>
    </ClInclude>
  </ItemGroup>
</Project>