<?xml version="1.0" encoding="utf-8"?>
<Project ToolsVersion="4.0" xmlns="http://schemas.microsoft.com/developer/msbuild/2003">
  <ItemGroup>
    <Filter Include="Source Files">
      <UniqueIdentifier>{4FC737F1-C7A5-4376-A066-2A32D752A2FF}</UniqueIdentifier>
      <Extensions>cpp;c;cc;cxx;c++;cppm;ixx;def;odl;idl;hpj;bat;asm;asmx</Extensions>
    </Filter>
    <Filter Include="Header Files">
      <UniqueIdentifier>{93995380-89BD-4b04-88EB-625FBE52EBFB}</UniqueIdentifier>
      <Extensions>h;hh;hpp;hxx;h++;hm;inl;inc;ipp;xsd</Extensions>
    </Filter>
    <Filter Include="Resource Files">
      <UniqueIdentifier>{67DA6AB6-F800-4c08-8B7A-83BB121AAD01}</UniqueIdentifier>
      <Extensions>rc;ico;cur;bmp;dlg;rc2;rct;bin;rgs;gif;jpg;jpeg;jpe;resx;tiff;tif;png;wav;mfcribbon-ms</Extensions>
    </Filter>
    <Filter Include="Source Files\scripts">
      <UniqueIdentifier>{0dc15951-691d-4f8e-9da7-15acd53ffd6b}</UniqueIdentifier>
    </Filter>
    <Filter Include="Source Files\listeners">
      <UniqueIdentifier>{1b54c347-cd59-4913-ab8e-699a775dd70b}</UniqueIdentifier>
    </Filter>
    <Filter Include="Header Files\listeners">
      <UniqueIdentifier>{525cfa17-ca8c-48c7-9473-876d036c2661}</UniqueIdentifier>
    </Filter>
    <Filter Include="Header Files\objects">
      <UniqueIdentifier>{436a4bed-7e7f-44af-b9cc-556a341301cb}</UniqueIdentifier>
    </Filter>
    <Filter Include="Source Files\scenes">
      <UniqueIdentifier>{46546cea-c636-4ebc-8e3f-a5647b1e9ac1}</UniqueIdentifier>
    </Filter>
    <Filter Include="Header Files\scenes">
      <UniqueIdentifier>{eedb5559-7804-4684-845a-2a60395500ca}</UniqueIdentifier>
    </Filter>
    <Filter Include="Source Files\objects">
      <UniqueIdentifier>{6867dea8-c953-4a45-ab9f-786eb1d26ecd}</UniqueIdentifier>
    </Filter>
    <Filter Include="Header Files\scripts">
      <UniqueIdentifier>{ae407631-ead0-46b5-86ae-554f2f8b33e1}</UniqueIdentifier>
    </Filter>
    <Filter Include="Header Files\scripts\networking">
      <UniqueIdentifier>{404f3690-9376-41af-abdf-421d6b46ba6e}</UniqueIdentifier>
    </Filter>
    <Filter Include="Source Files\scripts\networking">
      <UniqueIdentifier>{bbfb6ff0-626a-4493-b657-6596e0db45d5}</UniqueIdentifier>
    </Filter>
    <Filter Include="Header Files\scenes\rocket game">
      <UniqueIdentifier>{2a72a701-7e33-47e5-828c-303298795db0}</UniqueIdentifier>
    </Filter>
    <Filter Include="Source Files\scenes\Rocket game">
      <UniqueIdentifier>{44eacc49-2b9f-421c-9395-ee64340b89f8}</UniqueIdentifier>
    </Filter>
    <Filter Include="Source Files\scripts\networking\game_status">
      <UniqueIdentifier>{dcce1192-4d17-4a27-bb42-de15b00a44d1}</UniqueIdentifier>
    </Filter>
    <Filter Include="Source Files\scripts\networking\shooter">
      <UniqueIdentifier>{410e76e9-62ad-4254-bd43-db6768ee72f4}</UniqueIdentifier>
    </Filter>
    <Filter Include="Source Files\scripts\networking\target">
      <UniqueIdentifier>{265799e7-f22a-4c7d-80b9-9616dab7ceb7}</UniqueIdentifier>
    </Filter>
    <Filter Include="Source Files\scripts\networking\match_making">
      <UniqueIdentifier>{b8cbd115-2076-4d5f-b1a4-910733816d3a}</UniqueIdentifier>
    </Filter>
    <Filter Include="Header Files\scripts\networking\game_status">
      <UniqueIdentifier>{2a0b2406-5b76-4e1d-8a39-89e76673cc8b}</UniqueIdentifier>
    </Filter>
    <Filter Include="Header Files\scripts\networking\match_making">
      <UniqueIdentifier>{ab6773b6-8bee-4bbf-9892-7941082bb104}</UniqueIdentifier>
    </Filter>
    <Filter Include="Header Files\scripts\networking\shooter">
      <UniqueIdentifier>{84cff0b3-c0b8-4950-b101-d3150aa771e8}</UniqueIdentifier>
    </Filter>
    <Filter Include="Header Files\scripts\networking\target">
      <UniqueIdentifier>{f5bc1b3f-1350-41ea-9a04-7ab73a9e93ad}</UniqueIdentifier>
    </Filter>
  </ItemGroup>
  <ItemGroup>
    <ClCompile Include="CollisionDetectionScript.cpp">
      <Filter>Source Files\scripts</Filter>
    </ClCompile>
    <ClCompile Include="KeyListener.cpp">
      <Filter>Source Files\listeners</Filter>
    </ClCompile>
    <ClCompile Include="FollowMouseListener.cpp">
      <Filter>Source Files\listeners</Filter>
    </ClCompile>
    <ClCompile Include="AimListener.cpp">
      <Filter>Source Files\listeners</Filter>
    </ClCompile>
    <ClCompile Include="CameraMovementScript.cpp">
      <Filter>Source Files\scripts</Filter>
    </ClCompile>
    <ClCompile Include="MenuScene.cpp">
      <Filter>Source Files\scenes</Filter>
    </ClCompile>
    <ClCompile Include="GameScene.cpp">
      <Filter>Source Files\scenes</Filter>
    </ClCompile>
    <ClCompile Include="Rocket.cpp">
      <Filter>Source Files\objects</Filter>
    </ClCompile>
    <ClCompile Include="Game.cpp">
      <Filter>Source Files</Filter>
    </ClCompile>
    <ClCompile Include="PlayerMovementScript.cpp">
      <Filter>Source Files\scripts</Filter>
    </ClCompile>
    <ClCompile Include="Ball.cpp">
      <Filter>Source Files\objects</Filter>
    </ClCompile>
    <ClCompile Include="CreditsScene.cpp">
      <Filter>Source Files\scenes</Filter>
    </ClCompile>
    <ClCompile Include="CreditsSceneScript.cpp">
      <Filter>Source Files\scripts</Filter>
    </ClCompile>
    <ClCompile Include="Box.cpp">
      <Filter>Source Files\objects</Filter>
    </ClCompile>
    <ClCompile Include="SettingsScene.cpp">
      <Filter>Source Files\scenes</Filter>
    </ClCompile>
    <ClCompile Include="CircleObstacle.cpp">
      <Filter>Source Files\objects</Filter>
    </ClCompile>
    <ClCompile Include="BackScript.cpp">
      <Filter>Source Files\scripts</Filter>
    </ClCompile>
    <ClCompile Include="Shooter.cpp">
      <Filter>Source Files\objects</Filter>
    </ClCompile>
    <ClCompile Include="Target.cpp">
      <Filter>Source Files\objects</Filter>
    </ClCompile>
    <ClCompile Include="SeekingRocket.cpp">
      <Filter>Source Files\objects</Filter>
    </ClCompile>
    <ClCompile Include="FlockingScene.cpp">
      <Filter>Source Files\scenes\Rocket game</Filter>
    </ClCompile>
    <ClCompile Include="WinScene.cpp">
      <Filter>Source Files\scenes\Rocket game</Filter>
    </ClCompile>
    <ClCompile Include="LoseScene.cpp">
      <Filter>Source Files\scenes\Rocket game</Filter>
    </ClCompile>
    <ClCompile Include="GameStatusSendScript.cpp">
      <Filter>Source Files\scripts\networking\game_status</Filter>
    </ClCompile>
    <ClCompile Include="ShooterReceiveScript.cpp">
      <Filter>Source Files\scripts\networking\shooter</Filter>
    </ClCompile>
    <ClCompile Include="ShooterSendScript.cpp">
      <Filter>Source Files\scripts\networking\shooter</Filter>
    </ClCompile>
    <ClCompile Include="TargetReceiveScript.cpp">
      <Filter>Source Files\scripts\networking\target</Filter>
    </ClCompile>
    <ClCompile Include="TargetSendScript.cpp">
      <Filter>Source Files\scripts\networking\target</Filter>
    </ClCompile>
    <ClCompile Include="RocketReceiveScript.cpp">
      <Filter>Source Files\scripts\networking\shooter</Filter>
    </ClCompile>
    <ClCompile Include="RocketSendScript.cpp">
      <Filter>Source Files\scripts\networking\shooter</Filter>
    </ClCompile>
    <ClCompile Include="SyncScript.cpp">
      <Filter>Source Files\scripts\networking\match_making</Filter>
    </ClCompile>
    <ClCompile Include="GameStatusReceiveScript.cpp">
      <Filter>Source Files\scripts\networking\game_status</Filter>
    </ClCompile>
  </ItemGroup>
  <ItemGroup>
    <ClInclude Include="CollisionDetectionScript.h">
      <Filter>Header Files\scripts</Filter>
    </ClInclude>
    <ClInclude Include="KeyListener.h">
      <Filter>Header Files\listeners</Filter>
    </ClInclude>
    <ClInclude Include="FollowMouseListener.h">
      <Filter>Header Files\listeners</Filter>
    </ClInclude>
    <ClInclude Include="Box.h">
      <Filter>Header Files\objects</Filter>
    </ClInclude>
    <ClInclude Include="CameraMovementScript.h">
      <Filter>Header Files\scripts</Filter>
    </ClInclude>
    <ClInclude Include="MenuScene.h">
      <Filter>Header Files\scenes</Filter>
    </ClInclude>
    <ClInclude Include="GameScene.h">
      <Filter>Header Files\scenes</Filter>
    </ClInclude>
    <ClInclude Include="AimListener.h">
      <Filter>Header Files\listeners</Filter>
    </ClInclude>
    <ClInclude Include="Rocket.h">
      <Filter>Header Files\objects</Filter>
    </ClInclude>
    <ClInclude Include="PlayerMovementScript.h">
      <Filter>Header Files\scripts</Filter>
    </ClInclude>
    <ClInclude Include="Ball.h">
      <Filter>Header Files\objects</Filter>
    </ClInclude>
    <ClInclude Include="CreditsScene.h">
      <Filter>Header Files\scenes</Filter>
    </ClInclude>
    <ClInclude Include="CreditsSceneScript.h">
      <Filter>Header Files\scripts</Filter>
    </ClInclude>
    <ClInclude Include="SettingsScene.h">
      <Filter>Header Files\scenes</Filter>
    </ClInclude>
    <ClInclude Include="CircleObstacle.h">
      <Filter>Header Files\objects</Filter>
    </ClInclude>
    <ClInclude Include="BackScript.h">
      <Filter>Header Files\scripts</Filter>
    </ClInclude>
    <ClInclude Include="Shooter.h">
      <Filter>Header Files\objects</Filter>
    </ClInclude>
    <ClInclude Include="GlobalSettings.h">
      <Filter>Header Files</Filter>
    </ClInclude>
    <ClInclude Include="Target.h">
      <Filter>Header Files\objects</Filter>
    </ClInclude>
    <ClInclude Include="SeekingRocket.h">
      <Filter>Header Files\objects</Filter>
    </ClInclude>
    <ClInclude Include="FlockingScene.h">
      <Filter>Header Files\scenes\rocket game</Filter>
    </ClInclude>
    <ClInclude Include="WinScene.h">
      <Filter>Header Files\scenes\rocket game</Filter>
    </ClInclude>
    <ClInclude Include="LoseScene.h">
      <Filter>Header Files\scenes\rocket game</Filter>
    </ClInclude>
    <ClInclude Include="GameStatusSendScript.h">
      <Filter>Header Files\scripts\networking\game_status</Filter>
    </ClInclude>
    <ClInclude Include="SyncScript.h">
      <Filter>Header Files\scripts\networking\match_making</Filter>
    </ClInclude>
    <ClInclude Include="GameStatusReceiveScript.h">
      <Filter>Header Files\scripts\networking\game_status</Filter>
    </ClInclude>
    <ClInclude Include="ShooterReceiveScript.h">
      <Filter>Header Files\scripts\networking\shooter</Filter>
    </ClInclude>
    <ClInclude Include="RocketReceiveScript.h">
      <Filter>Header Files\scripts\networking\shooter</Filter>
    </ClInclude>
    <ClInclude Include="RocketSendScript.h">
      <Filter>Header Files\scripts\networking\shooter</Filter>
    </ClInclude>
    <ClInclude Include="ShooterSendScript.h">
      <Filter>Header Files\scripts\networking\shooter</Filter>
    </ClInclude>
    <ClInclude Include="TargetReceiveScript.h">
      <Filter>Header Files\scripts\networking\target</Filter>
    </ClInclude>
    <ClInclude Include="TargetSendScript.h">
      <Filter>Header Files\scripts\networking\target</Filter>
    </ClInclude>
  </ItemGroup>
</Project>